
Microsoft Visual Studio Solution File, Format Version 12.00
# Visual Studio Version 17
VisualStudioVersion = 17.10.35122.118
MinimumVisualStudioVersion = 10.0.40219.1
Project("{9A19103F-16F7-4668-BE54-9A1E7A4F7556}") = "HotelReservation", "HotelReservation\HotelReservation.csproj", "{579AFDF2-5BF2-45B8-A4DC-ABB5E5DB7571}"
EndProject
Project("{9A19103F-16F7-4668-BE54-9A1E7A4F7556}") = "HotelReservation.BLL", "HotelReservation.BLL\HotelReservation.BLL.csproj", "{817859F7-3B85-4E44-9158-7B3564B1A64B}"
EndProject
Project("{9A19103F-16F7-4668-BE54-9A1E7A4F7556}") = "HotelReservationTests", "HotelReservationTests\HotelReservationTests.csproj", "{B746D283-4DA8-479A-AE41-4127E7F327A9}"
EndProject
Project("{2150E333-8FDC-42A3-9474-1A3956D46DE8}") = "Solution Items", "Solution Items", "{332B35D0-6393-4909-A589-8BF85BFDC024}"
	ProjectSection(SolutionItems) = preProject
		.editorconfig = .editorconfig
	EndProjectSection
EndProject
Global
	GlobalSection(SolutionConfigurationPlatforms) = preSolution
		Debug|Any CPU = Debug|Any CPU
		Release|Any CPU = Release|Any CPU
	EndGlobalSection
	GlobalSection(ProjectConfigurationPlatforms) = postSolution
		{579AFDF2-5BF2-45B8-A4DC-ABB5E5DB7571}.Debug|Any CPU.ActiveCfg = Debug|Any CPU
		{579AFDF2-5BF2-45B8-A4DC-ABB5E5DB7571}.Debug|Any CPU.Build.0 = Debug|Any CPU
		{579AFDF2-5BF2-45B8-A4DC-ABB5E5DB7571}.Release|Any CPU.ActiveCfg = Release|Any CPU
		{579AFDF2-5BF2-45B8-A4DC-ABB5E5DB7571}.Release|Any CPU.Build.0 = Release|Any CPU
		{817859F7-3B85-4E44-9158-7B3564B1A64B}.Debug|Any CPU.ActiveCfg = Debug|Any CPU
		{817859F7-3B85-4E44-9158-7B3564B1A64B}.Debug|Any CPU.Build.0 = Debug|Any CPU
		{817859F7-3B85-4E44-9158-7B3564B1A64B}.Release|Any CPU.ActiveCfg = Release|Any CPU
		{817859F7-3B85-4E44-9158-7B3564B1A64B}.Release|Any CPU.Build.0 = Release|Any CPU
		{B746D283-4DA8-479A-AE41-4127E7F327A9}.Debug|Any CPU.ActiveCfg = Debug|Any CPU
		{B746D283-4DA8-479A-AE41-4127E7F327A9}.Debug|Any CPU.Build.0 = Debug|Any CPU
		{B746D283-4DA8-479A-AE41-4127E7F327A9}.Release|Any CPU.ActiveCfg = Release|Any CPU
		{B746D283-4DA8-479A-AE41-4127E7F327A9}.Release|Any CPU.Build.0 = Release|Any CPU
	EndGlobalSection
	GlobalSection(SolutionProperties) = preSolution
		HideSolutionNode = FALSE
	EndGlobalSection
	GlobalSection(ExtensibilityGlobals) = postSolution
		SolutionGuid = {2A129C44-E885-4A32-BD9D-5C355FEC88EC}
	EndGlobalSection
EndGlobal
